
Microsoft Visual Studio Solution File, Format Version 12.00
# Visual Studio Version 16
VisualStudioVersion = 16.0.31911.196
MinimumVisualStudioVersion = 10.0.40219.1
Project("{8BC9CEB8-8B4A-11D0-8D11-00A0C91BC942}") = "week8_1", "week8_1\week8_1.vcxproj", "{4094C847-B25B-43E0-965B-BB78922CAA69}"
EndProject
Global
	GlobalSection(SolutionConfigurationPlatforms) = preSolution
		Debug|x64 = Debug|x64
		Debug|x86 = Debug|x86
		Release|x64 = Release|x64
		Release|x86 = Release|x86
	EndGlobalSection
	GlobalSection(ProjectConfigurationPlatforms) = postSolution
		{4094C847-B25B-43E0-965B-BB78922CAA69}.Debug|x64.ActiveCfg = Debug|x64
		{4094C847-B25B-43E0-965B-BB78922CAA69}.Debug|x64.Build.0 = Debug|x64
		{4094C847-B25B-43E0-965B-BB78922CAA69}.Debug|x86.ActiveCfg = Debug|Win32
		{4094C847-B25B-43E0-965B-BB78922CAA69}.Debug|x86.Build.0 = Debug|Win32
		{4094C847-B25B-43E0-965B-BB78922CAA69}.Release|x64.ActiveCfg = Release|x64
		{4094C847-B25B-43E0-965B-BB78922CAA69}.Release|x64.Build.0 = Release|x64
		{4094C847-B25B-43E0-965B-BB78922CAA69}.Release|x86.ActiveCfg = Release|Win32
		{4094C847-B25B-43E0-965B-BB78922CAA69}.Release|x86.Build.0 = Release|Win32
	EndGlobalSection
	GlobalSection(SolutionProperties) = preSolution
		HideSolutionNode = FALSE
	EndGlobalSection
	GlobalSection(ExtensibilityGlobals) = postSolution
		SolutionGuid = {5117BFAA-3823-4DCE-914C-CEE30AA806E4}
	EndGlobalSection
EndGlobal
